// !$*UTF8*$!
{
	archiveVersion = 1;
	classes = {
	};
	objectVersion = 48;
	objects = {

/* Begin PBXBuildFile section */
		2173EC282017D4CD004BDECE /* Ticker.swift in Sources */ = {isa = PBXBuildFile; fileRef = 2173EC272017D4CD004BDECE /* Ticker.swift */; };
		2173EC2C2017E16B004BDECE /* TickerTableViewCell.swift in Sources */ = {isa = PBXBuildFile; fileRef = 2173EC2B2017E16B004BDECE /* TickerTableViewCell.swift */; };
		21BAD60720177F7A0065D700 /* AppDelegate.swift in Sources */ = {isa = PBXBuildFile; fileRef = 21BAD60620177F7A0065D700 /* AppDelegate.swift */; };
		21BAD60920177F7A0065D700 /* CoinsViewController.swift in Sources */ = {isa = PBXBuildFile; fileRef = 21BAD60820177F7A0065D700 /* CoinsViewController.swift */; };
		21BAD60E20177F7A0065D700 /* Main.storyboard in Resources */ = {isa = PBXBuildFile; fileRef = 21BAD60C20177F7A0065D700 /* Main.storyboard */; };
		21BAD61020177F7A0065D700 /* Assets.xcassets in Resources */ = {isa = PBXBuildFile; fileRef = 21BAD60F20177F7A0065D700 /* Assets.xcassets */; };
		21BAD61320177F7A0065D700 /* LaunchScreen.storyboard in Resources */ = {isa = PBXBuildFile; fileRef = 21BAD61120177F7A0065D700 /* LaunchScreen.storyboard */; };
		21BAD61F201780A10065D700 /* global.json in Resources */ = {isa = PBXBuildFile; fileRef = 21BAD61E201780A10065D700 /* global.json */; };
		21BAD621201781450065D700 /* ticker.json in Resources */ = {isa = PBXBuildFile; fileRef = 21BAD620201781450065D700 /* ticker.json */; };
		21BAD623201781D60065D700 /* specificTicker.json in Resources */ = {isa = PBXBuildFile; fileRef = 21BAD622201781D60065D700 /* specificTicker.json */; };
/* End PBXBuildFile section */

/* Begin PBXFileReference section */
		2173EC272017D4CD004BDECE /* Ticker.swift */ = {isa = PBXFileReference; lastKnownFileType = sourcecode.swift; path = Ticker.swift; sourceTree = "<group>"; };
		2173EC2B2017E16B004BDECE /* TickerTableViewCell.swift */ = {isa = PBXFileReference; lastKnownFileType = sourcecode.swift; path = TickerTableViewCell.swift; sourceTree = "<group>"; };
		21BAD60320177F7A0065D700 /* Coins Capitalization.app */ = {isa = PBXFileReference; explicitFileType = wrapper.application; includeInIndex = 0; path = "Coins Capitalization.app"; sourceTree = BUILT_PRODUCTS_DIR; };
		21BAD60620177F7A0065D700 /* AppDelegate.swift */ = {isa = PBXFileReference; lastKnownFileType = sourcecode.swift; path = AppDelegate.swift; sourceTree = "<group>"; };
		21BAD60820177F7A0065D700 /* CoinsViewController.swift */ = {isa = PBXFileReference; lastKnownFileType = sourcecode.swift; path = CoinsViewController.swift; sourceTree = "<group>"; };
		21BAD60D20177F7A0065D700 /* Base */ = {isa = PBXFileReference; lastKnownFileType = file.storyboard; name = Base; path = Base.lproj/Main.storyboard; sourceTree = "<group>"; };
		21BAD60F20177F7A0065D700 /* Assets.xcassets */ = {isa = PBXFileReference; lastKnownFileType = folder.assetcatalog; path = Assets.xcassets; sourceTree = "<group>"; };
		21BAD61220177F7A0065D700 /* Base */ = {isa = PBXFileReference; lastKnownFileType = file.storyboard; name = Base; path = Base.lproj/LaunchScreen.storyboard; sourceTree = "<group>"; };
		21BAD61420177F7A0065D700 /* Info.plist */ = {isa = PBXFileReference; lastKnownFileType = text.plist.xml; path = Info.plist; sourceTree = "<group>"; };
		21BAD61E201780A10065D700 /* global.json */ = {isa = PBXFileReference; lastKnownFileType = text.json; path = global.json; sourceTree = "<group>"; };
		21BAD620201781450065D700 /* ticker.json */ = {isa = PBXFileReference; lastKnownFileType = text.json; path = ticker.json; sourceTree = "<group>"; };
		21BAD622201781D60065D700 /* specificTicker.json */ = {isa = PBXFileReference; lastKnownFileType = text.json; path = specificTicker.json; sourceTree = "<group>"; };
/* End PBXFileReference section */

/* Begin PBXFrameworksBuildPhase section */
		21BAD60020177F7A0065D700 /* Frameworks */ = {
			isa = PBXFrameworksBuildPhase;
			buildActionMask = 2147483647;
			files = (
			);
			runOnlyForDeploymentPostprocessing = 0;
		};
/* End PBXFrameworksBuildPhase section */

/* Begin PBXGroup section */
		2173EC262017D32B004BDECE /* Models */ = {
			isa = PBXGroup;
			children = (
				2173EC272017D4CD004BDECE /* Ticker.swift */,
			);
			path = Models;
			sourceTree = "<group>";
		};
		2173EC292017E144004BDECE /* Views */ = {
			isa = PBXGroup;
			children = (
				2173EC2A2017E14D004BDECE /* Cells */,
			);
			path = Views;
			sourceTree = "<group>";
		};
		2173EC2A2017E14D004BDECE /* Cells */ = {
			isa = PBXGroup;
			children = (
				2173EC2B2017E16B004BDECE /* TickerTableViewCell.swift */,
			);
			path = Cells;
			sourceTree = "<group>";
		};
		21BAD5FA20177F7A0065D700 = {
			isa = PBXGroup;
			children = (
				21BAD60520177F7A0065D700 /* Coins Capitalization */,
				21BAD60420177F7A0065D700 /* Products */,
			);
			sourceTree = "<group>";
		};
		21BAD60420177F7A0065D700 /* Products */ = {
			isa = PBXGroup;
			children = (
				21BAD60320177F7A0065D700 /* Coins Capitalization.app */,
			);
			name = Products;
			sourceTree = "<group>";
		};
		21BAD60520177F7A0065D700 /* Coins Capitalization */ = {
			isa = PBXGroup;
			children = (
				21BAD61B201780430065D700 /* Resources */,
				21BAD61A201780340065D700 /* Sources */,
				21BAD60620177F7A0065D700 /* AppDelegate.swift */,
				21BAD60820177F7A0065D700 /* CoinsViewController.swift */,
				21BAD60C20177F7A0065D700 /* Main.storyboard */,
				21BAD60F20177F7A0065D700 /* Assets.xcassets */,
				21BAD61120177F7A0065D700 /* LaunchScreen.storyboard */,
				21BAD61420177F7A0065D700 /* Info.plist */,
			);
			path = "Coins Capitalization";
			sourceTree = "<group>";
		};
		21BAD61A201780340065D700 /* Sources */ = {
			isa = PBXGroup;
			children = (
				2173EC292017E144004BDECE /* Views */,
				2173EC262017D32B004BDECE /* Models */,
			);
			path = Sources;
			sourceTree = "<group>";
		};
		21BAD61B201780430065D700 /* Resources */ = {
			isa = PBXGroup;
			children = (
				21BAD61D2017806E0065D700 /* Mocks */,
			);
			path = Resources;
			sourceTree = "<group>";
		};
		21BAD61D2017806E0065D700 /* Mocks */ = {
			isa = PBXGroup;
			children = (
				21BAD61E201780A10065D700 /* global.json */,
				21BAD620201781450065D700 /* ticker.json */,
				21BAD622201781D60065D700 /* specificTicker.json */,
			);
			path = Mocks;
			sourceTree = "<group>";
		};
/* End PBXGroup section */

/* Begin PBXNativeTarget section */
		21BAD60220177F7A0065D700 /* Coins Capitalization */ = {
			isa = PBXNativeTarget;
			buildConfigurationList = 21BAD61720177F7A0065D700 /* Build configuration list for PBXNativeTarget "Coins Capitalization" */;
			buildPhases = (
				21BAD5FF20177F7A0065D700 /* Sources */,
				21BAD60020177F7A0065D700 /* Frameworks */,
				21BAD60120177F7A0065D700 /* Resources */,
			);
			buildRules = (
			);
			dependencies = (
			);
			name = "Coins Capitalization";
			productName = "Coins Capitalization";
			productReference = 21BAD60320177F7A0065D700 /* Coins Capitalization.app */;
			productType = "com.apple.product-type.application";
		};
/* End PBXNativeTarget section */

/* Begin PBXProject section */
		21BAD5FB20177F7A0065D700 /* Project object */ = {
			isa = PBXProject;
			attributes = {
				LastSwiftUpdateCheck = 0920;
				LastUpgradeCheck = 0920;
				ORGANIZATIONNAME = "ASK LLC";
				TargetAttributes = {
					21BAD60220177F7A0065D700 = {
						CreatedOnToolsVersion = 9.2;
						ProvisioningStyle = Automatic;
					};
				};
			};
			buildConfigurationList = 21BAD5FE20177F7A0065D700 /* Build configuration list for PBXProject "Coins Capitalization" */;
			compatibilityVersion = "Xcode 8.0";
			developmentRegion = en;
			hasScannedForEncodings = 0;
			knownRegions = (
				en,
				Base,
			);
			mainGroup = 21BAD5FA20177F7A0065D700;
			productRefGroup = 21BAD60420177F7A0065D700 /* Products */;
			projectDirPath = "";
			projectRoot = "";
			targets = (
				21BAD60220177F7A0065D700 /* Coins Capitalization */,
			);
		};
/* End PBXProject section */

/* Begin PBXResourcesBuildPhase section */
		21BAD60120177F7A0065D700 /* Resources */ = {
			isa = PBXResourcesBuildPhase;
			buildActionMask = 2147483647;
			files = (
				21BAD61F201780A10065D700 /* global.json in Resources */,
				21BAD621201781450065D700 /* ticker.json in Resources */,
				21BAD61320177F7A0065D700 /* LaunchScreen.storyboard in Resources */,
				21BAD61020177F7A0065D700 /* Assets.xcassets in Resources */,
				21BAD60E20177F7A0065D700 /* Main.storyboard in Resources */,
				21BAD623201781D60065D700 /* specificTicker.json in Resources */,
			);
			runOnlyForDeploymentPostprocessing = 0;
		};
/* End PBXResourcesBuildPhase section */

/* Begin PBXSourcesBuildPhase section */
		21BAD5FF20177F7A0065D700 /* Sources */ = {
			isa = PBXSourcesBuildPhase;
			buildActionMask = 2147483647;
			files = (
				21BAD60720177F7A0065D700 /* AppDelegate.swift in Sources */,
				2173EC2C2017E16B004BDECE /* TickerTableViewCell.swift in Sources */,
				2173EC282017D4CD004BDECE /* Ticker.swift in Sources */,
				21BAD60920177F7A0065D700 /* CoinsViewController.swift in Sources */,
			);
			runOnlyForDeploymentPostprocessing = 0;
		};
/* End PBXSourcesBuildPhase section */

/* Begin PBXVariantGroup section */
		21BAD60C20177F7A0065D700 /* Main.storyboard */ = {
			isa = PBXVariantGroup;
			children = (
				21BAD60D20177F7A0065D700 /* Base */,
			);
			name = Main.storyboard;
			sourceTree = "<group>";
		};
		21BAD61120177F7A0065D700 /* LaunchScreen.storyboard */ = {
			isa = PBXVariantGroup;
			children = (
				21BAD61220177F7A0065D700 /* Base */,
			);
			name = LaunchScreen.storyboard;
			sourceTree = "<group>";
		};
/* End PBXVariantGroup section */

/* Begin XCBuildConfiguration section */
		21BAD61520177F7A0065D700 /* Debug */ = {
			isa = XCBuildConfiguration;
			buildSettings = {
				ALWAYS_SEARCH_USER_PATHS = NO;
				CLANG_ANALYZER_NONNULL = YES;
				CLANG_ANALYZER_NUMBER_OBJECT_CONVERSION = YES_AGGRESSIVE;
				CLANG_CXX_LANGUAGE_STANDARD = "gnu++14";
				CLANG_CXX_LIBRARY = "libc++";
				CLANG_ENABLE_MODULES = YES;
				CLANG_ENABLE_OBJC_ARC = YES;
				CLANG_WARN_BLOCK_CAPTURE_AUTORELEASING = YES;
				CLANG_WARN_BOOL_CONVERSION = YES;
				CLANG_WARN_COMMA = YES;
				CLANG_WARN_CONSTANT_CONVERSION = YES;
				CLANG_WARN_DIRECT_OBJC_ISA_USAGE = YES_ERROR;
				CLANG_WARN_DOCUMENTATION_COMMENTS = YES;
				CLANG_WARN_EMPTY_BODY = YES;
				CLANG_WARN_ENUM_CONVERSION = YES;
				CLANG_WARN_INFINITE_RECURSION = YES;
				CLANG_WARN_INT_CONVERSION = YES;
				CLANG_WARN_NON_LITERAL_NULL_CONVERSION = YES;
				CLANG_WARN_OBJC_LITERAL_CONVERSION = YES;
				CLANG_WARN_OBJC_ROOT_CLASS = YES_ERROR;
				CLANG_WARN_RANGE_LOOP_ANALYSIS = YES;
				CLANG_WARN_STRICT_PROTOTYPES = YES;
				CLANG_WARN_SUSPICIOUS_MOVE = YES;
				CLANG_WARN_UNGUARDED_AVAILABILITY = YES_AGGRESSIVE;
				CLANG_WARN_UNREACHABLE_CODE = YES;
				CLANG_WARN__DUPLICATE_METHOD_MATCH = YES;
				CODE_SIGN_IDENTITY = "iPhone Developer";
				COPY_PHASE_STRIP = NO;
				DEBUG_INFORMATION_FORMAT = dwarf;
				ENABLE_STRICT_OBJC_MSGSEND = YES;
				ENABLE_TESTABILITY = YES;
				GCC_C_LANGUAGE_STANDARD = gnu11;
				GCC_DYNAMIC_NO_PIC = NO;
				GCC_NO_COMMON_BLOCKS = YES;
				GCC_OPTIMIZATION_LEVEL = 0;
				GCC_PREPROCESSOR_DEFINITIONS = (
					"DEBUG=1",
					"$(inherited)",
				);
				GCC_WARN_64_TO_32_BIT_CONVERSION = YES;
				GCC_WARN_ABOUT_RETURN_TYPE = YES_ERROR;
				GCC_WARN_UNDECLARED_SELECTOR = YES;
				GCC_WARN_UNINITIALIZED_AUTOS = YES_AGGRESSIVE;
				GCC_WARN_UNUSED_FUNCTION = YES;
				GCC_WARN_UNUSED_VARIABLE = YES;
				IPHONEOS_DEPLOYMENT_TARGET = 11.2;
				MTL_ENABLE_DEBUG_INFO = YES;
				ONLY_ACTIVE_ARCH = YES;
				SDKROOT = iphoneos;
				SWIFT_ACTIVE_COMPILATION_CONDITIONS = DEBUG;
				SWIFT_OPTIMIZATION_LEVEL = "-Onone";
			};
			name = Debug;
		};
		21BAD61620177F7A0065D700 /* Release */ = {
			isa = XCBuildConfiguration;
			buildSettings = {
				ALWAYS_SEARCH_USER_PATHS = NO;
				CLANG_ANALYZER_NONNULL = YES;
				CLANG_ANALYZER_NUMBER_OBJECT_CONVERSION = YES_AGGRESSIVE;
				CLANG_CXX_LANGUAGE_STANDARD = "gnu++14";
				CLANG_CXX_LIBRARY = "libc++";
				CLANG_ENABLE_MODULES = YES;
				CLANG_ENABLE_OBJC_ARC = YES;
				CLANG_WARN_BLOCK_CAPTURE_AUTORELEASING = YES;
				CLANG_WARN_BOOL_CONVERSION = YES;
				CLANG_WARN_COMMA = YES;
				CLANG_WARN_CONSTANT_CONVERSION = YES;
				CLANG_WARN_DIRECT_OBJC_ISA_USAGE = YES_ERROR;
				CLANG_WARN_DOCUMENTATION_COMMENTS = YES;
				CLANG_WARN_EMPTY_BODY = YES;
				CLANG_WARN_ENUM_CONVERSION = YES;
				CLANG_WARN_INFINITE_RECURSION = YES;
				CLANG_WARN_INT_CONVERSION = YES;
				CLANG_WARN_NON_LITERAL_NULL_CONVERSION = YES;
				CLANG_WARN_OBJC_LITERAL_CONVERSION = YES;
				CLANG_WARN_OBJC_ROOT_CLASS = YES_ERROR;
				CLANG_WARN_RANGE_LOOP_ANALYSIS = YES;
				CLANG_WARN_STRICT_PROTOTYPES = YES;
				CLANG_WARN_SUSPICIOUS_MOVE = YES;
				CLANG_WARN_UNGUARDED_AVAILABILITY = YES_AGGRESSIVE;
				CLANG_WARN_UNREACHABLE_CODE = YES;
				CLANG_WARN__DUPLICATE_METHOD_MATCH = YES;
				CODE_SIGN_IDENTITY = "iPhone Developer";
				COPY_PHASE_STRIP = NO;
				DEBUG_INFORMATION_FORMAT = "dwarf-with-dsym";
				ENABLE_NS_ASSERTIONS = NO;
				ENABLE_STRICT_OBJC_MSGSEND = YES;
				GCC_C_LANGUAGE_STANDARD = gnu11;
				GCC_NO_COMMON_BLOCKS = YES;
				GCC_WARN_64_TO_32_BIT_CONVERSION = YES;
				GCC_WARN_ABOUT_RETURN_TYPE = YES_ERROR;
				GCC_WARN_UNDECLARED_SELECTOR = YES;
				GCC_WARN_UNINITIALIZED_AUTOS = YES_AGGRESSIVE;
				GCC_WARN_UNUSED_FUNCTION = YES;
				GCC_WARN_UNUSED_VARIABLE = YES;
				IPHONEOS_DEPLOYMENT_TARGET = 11.2;
				MTL_ENABLE_DEBUG_INFO = NO;
				SDKROOT = iphoneos;
				SWIFT_OPTIMIZATION_LEVEL = "-Owholemodule";
				VALIDATE_PRODUCT = YES;
			};
			name = Release;
		};
		21BAD61820177F7A0065D700 /* Debug */ = {
			isa = XCBuildConfiguration;
			buildSettings = {
				ASSETCATALOG_COMPILER_APPICON_NAME = AppIcon;
				CODE_SIGN_STYLE = Automatic;
				DEVELOPMENT_TEAM = VQ53R95MLS;
				INFOPLIST_FILE = "Coins Capitalization/Info.plist";
				LD_RUNPATH_SEARCH_PATHS = "$(inherited) @executable_path/Frameworks";
				PRODUCT_BUNDLE_IDENTIFIER = "ru.appsaucekitchen.Coins-Capitalization";
				PRODUCT_NAME = "$(TARGET_NAME)";
				SWIFT_VERSION = 4.0;
				TARGETED_DEVICE_FAMILY = "1,2";
			};
			name = Debug;
		};
		21BAD61920177F7A0065D700 /* Release */ = {
			isa = XCBuildConfiguration;
			buildSettings = {
				ASSETCATALOG_COMPILER_APPICON_NAME = AppIcon;
				CODE_SIGN_STYLE = Automatic;
				DEVELOPMENT_TEAM = VQ53R95MLS;
				INFOPLIST_FILE = "Coins Capitalization/Info.plist";
				LD_RUNPATH_SEARCH_PATHS = "$(inherited) @executable_path/Frameworks";
				PRODUCT_BUNDLE_IDENTIFIER = "ru.appsaucekitchen.Coins-Capitalization";
				PRODUCT_NAME = "$(TARGET_NAME)";
				SWIFT_VERSION = 4.0;
				TARGETED_DEVICE_FAMILY = "1,2";
			};
			name = Release;
		};
/* End XCBuildConfiguration section */

/* Begin XCConfigurationList section */
		21BAD5FE20177F7A0065D700 /* Build configuration list for PBXProject "Coins Capitalization" */ = {
			isa = XCConfigurationList;
			buildConfigurations = (
				21BAD61520177F7A0065D700 /* Debug */,
				21BAD61620177F7A0065D700 /* Release */,
			);
			defaultConfigurationIsVisible = 0;
			defaultConfigurationName = Release;
		};
		21BAD61720177F7A0065D700 /* Build configuration list for PBXNativeTarget "Coins Capitalization" */ = {
			isa = XCConfigurationList;
			buildConfigurations = (
				21BAD61820177F7A0065D700 /* Debug */,
				21BAD61920177F7A0065D700 /* Release */,
			);
			defaultConfigurationIsVisible = 0;
			defaultConfigurationName = Release;
		};
/* End XCConfigurationList section */
	};
	rootObject = 21BAD5FB20177F7A0065D700 /* Project object */;
}
